
Microsoft Visual Studio Solution File, Format Version 12.00
# Visual Studio Version 16
VisualStudioVersion = 16.0.30413.136
MinimumVisualStudioVersion = 10.0.40219.1
Project("{9A19103F-16F7-4668-BE54-9A1E7A4F7556}") = "Lab", "Lab\Lab.csproj", "{F91DDE8A-4750-4FFE-AE42-4D166D319FF0}"
EndProject
Project("{FAE04EC0-301F-11D3-BF4B-00C04F79EFBC}") = "Lab.Api", "Lab.Api\Lab.Api.csproj", "{2A05F37C-550A-42C7-9CA3-E216DA45047F}"
EndProject
Global
	GlobalSection(SolutionConfigurationPlatforms) = preSolution
		Debug|Any CPU = Debug|Any CPU
		Release|Any CPU = Release|Any CPU
	EndGlobalSection
	GlobalSection(ProjectConfigurationPlatforms) = postSolution
		{F91DDE8A-4750-4FFE-AE42-4D166D319FF0}.Debug|Any CPU.ActiveCfg = Debug|Any CPU
		{F91DDE8A-4750-4FFE-AE42-4D166D319FF0}.Debug|Any CPU.Build.0 = Debug|Any CPU
		{F91DDE8A-4750-4FFE-AE42-4D166D319FF0}.Release|Any CPU.ActiveCfg = Release|Any CPU
		{F91DDE8A-4750-4FFE-AE42-4D166D319FF0}.Release|Any CPU.Build.0 = Release|Any CPU
		{2A05F37C-550A-42C7-9CA3-E216DA45047F}.Debug|Any CPU.ActiveCfg = Debug|Any CPU
		{2A05F37C-550A-42C7-9CA3-E216DA45047F}.Debug|Any CPU.Build.0 = Debug|Any CPU
		{2A05F37C-550A-42C7-9CA3-E216DA45047F}.Release|Any CPU.ActiveCfg = Release|Any CPU
		{2A05F37C-550A-42C7-9CA3-E216DA45047F}.Release|Any CPU.Build.0 = Release|Any CPU
	EndGlobalSection
	GlobalSection(SolutionProperties) = preSolution
		HideSolutionNode = FALSE
	EndGlobalSection
	GlobalSection(ExtensibilityGlobals) = postSolution
		SolutionGuid = {274DC6E4-C157-44A1-A4CB-844B807F8D22}
	EndGlobalSection
EndGlobal
